// !$*UTF8*$!
{
	archiveVersion = 1;
	classes = {
	};
	objectVersion = 46;
	objects = {

/* Begin PBXBuildFile section */
		EA36103F1D5DF2A700E54CEC /* VXXButton.m in Sources */ = {isa = PBXBuildFile; fileRef = EA36103E1D5DF2A700E54CEC /* VXXButton.m */; };
		EAA694001D18E9A6009D1B35 /* VXXCollectionView.m in Sources */ = {isa = PBXBuildFile; fileRef = EAA693F91D18E9A6009D1B35 /* VXXCollectionView.m */; };
		EAA694011D18E9A6009D1B35 /* VXXCollectionViewCell.m in Sources */ = {isa = PBXBuildFile; fileRef = EAA693FB1D18E9A6009D1B35 /* VXXCollectionViewCell.m */; };
		EAA694021D18E9A6009D1B35 /* VXXCollectionViewLayout.m in Sources */ = {isa = PBXBuildFile; fileRef = EAA693FD1D18E9A6009D1B35 /* VXXCollectionViewLayout.m */; };
		EAA694031D18E9A6009D1B35 /* VXXcycleScrollView.m in Sources */ = {isa = PBXBuildFile; fileRef = EAA693FF1D18E9A6009D1B35 /* VXXcycleScrollView.m */; };
		EACC31EE1D425AB30067B755 /* MASCompositeConstraint.m in Sources */ = {isa = PBXBuildFile; fileRef = EACC31B61D425AB30067B755 /* MASCompositeConstraint.m */; };
		EACC31EF1D425AB30067B755 /* MASConstraint.m in Sources */ = {isa = PBXBuildFile; fileRef = EACC31B91D425AB30067B755 /* MASConstraint.m */; };
		EACC31F01D425AB30067B755 /* MASConstraintMaker.m in Sources */ = {isa = PBXBuildFile; fileRef = EACC31BB1D425AB30067B755 /* MASConstraintMaker.m */; };
		EACC31F11D425AB30067B755 /* MASLayoutConstraint.m in Sources */ = {isa = PBXBuildFile; fileRef = EACC31BD1D425AB30067B755 /* MASLayoutConstraint.m */; };
		EACC31F21D425AB30067B755 /* MASViewAttribute.m in Sources */ = {isa = PBXBuildFile; fileRef = EACC31C11D425AB30067B755 /* MASViewAttribute.m */; };
		EACC31F31D425AB30067B755 /* MASViewConstraint.m in Sources */ = {isa = PBXBuildFile; fileRef = EACC31C31D425AB30067B755 /* MASViewConstraint.m */; };
		EACC31F41D425AB30067B755 /* NSArray+MASAdditions.m in Sources */ = {isa = PBXBuildFile; fileRef = EACC31C51D425AB30067B755 /* NSArray+MASAdditions.m */; };
		EACC31F51D425AB30067B755 /* NSLayoutConstraint+MASDebugAdditions.m in Sources */ = {isa = PBXBuildFile; fileRef = EACC31C81D425AB30067B755 /* NSLayoutConstraint+MASDebugAdditions.m */; };
		EACC31F61D425AB30067B755 /* View+MASAdditions.m in Sources */ = {isa = PBXBuildFile; fileRef = EACC31CA1D425AB30067B755 /* View+MASAdditions.m */; };
		EACC31F71D425AB30067B755 /* MKAnnotationView+WebCache.m in Sources */ = {isa = PBXBuildFile; fileRef = EACC31CE1D425AB30067B755 /* MKAnnotationView+WebCache.m */; };
		EACC31F81D425AB30067B755 /* NSData+ImageContentType.m in Sources */ = {isa = PBXBuildFile; fileRef = EACC31D01D425AB30067B755 /* NSData+ImageContentType.m */; };
		EACC31F91D425AB30067B755 /* SDImageCache.m in Sources */ = {isa = PBXBuildFile; fileRef = EACC31D21D425AB30067B755 /* SDImageCache.m */; };
		EACC31FA1D425AB30067B755 /* SDWebImageCompat.m in Sources */ = {isa = PBXBuildFile; fileRef = EACC31D41D425AB30067B755 /* SDWebImageCompat.m */; };
		EACC31FB1D425AB30067B755 /* SDWebImageDecoder.m in Sources */ = {isa = PBXBuildFile; fileRef = EACC31D61D425AB30067B755 /* SDWebImageDecoder.m */; };
		EACC31FC1D425AB30067B755 /* SDWebImageDownloader.m in Sources */ = {isa = PBXBuildFile; fileRef = EACC31D81D425AB30067B755 /* SDWebImageDownloader.m */; };
		EACC31FD1D425AB30067B755 /* SDWebImageDownloaderOperation.m in Sources */ = {isa = PBXBuildFile; fileRef = EACC31DA1D425AB30067B755 /* SDWebImageDownloaderOperation.m */; };
		EACC31FE1D425AB30067B755 /* SDWebImageManager.m in Sources */ = {isa = PBXBuildFile; fileRef = EACC31DC1D425AB30067B755 /* SDWebImageManager.m */; };
		EACC31FF1D425AB30067B755 /* SDWebImagePrefetcher.m in Sources */ = {isa = PBXBuildFile; fileRef = EACC31DF1D425AB30067B755 /* SDWebImagePrefetcher.m */; };
		EACC32001D425AB30067B755 /* UIButton+WebCache.m in Sources */ = {isa = PBXBuildFile; fileRef = EACC31E11D425AB30067B755 /* UIButton+WebCache.m */; };
		EACC32011D425AB30067B755 /* UIImage+GIF.m in Sources */ = {isa = PBXBuildFile; fileRef = EACC31E31D425AB30067B755 /* UIImage+GIF.m */; };
		EACC32021D425AB30067B755 /* UIImage+MultiFormat.m in Sources */ = {isa = PBXBuildFile; fileRef = EACC31E51D425AB30067B755 /* UIImage+MultiFormat.m */; };
		EACC32031D425AB30067B755 /* UIImage+WebP.m in Sources */ = {isa = PBXBuildFile; fileRef = EACC31E71D425AB30067B755 /* UIImage+WebP.m */; };
		EACC32041D425AB30067B755 /* UIImageView+HighlightedWebCache.m in Sources */ = {isa = PBXBuildFile; fileRef = EACC31E91D425AB30067B755 /* UIImageView+HighlightedWebCache.m */; };
		EACC32051D425AB30067B755 /* UIImageView+WebCache.m in Sources */ = {isa = PBXBuildFile; fileRef = EACC31EB1D425AB30067B755 /* UIImageView+WebCache.m */; };
		EACC32061D425AB30067B755 /* UIView+WebCacheOperation.m in Sources */ = {isa = PBXBuildFile; fileRef = EACC31ED1D425AB30067B755 /* UIView+WebCacheOperation.m */; };
		EAFE80971CF29E1F0046CC7E /* main.m in Sources */ = {isa = PBXBuildFile; fileRef = EAFE80961CF29E1F0046CC7E /* main.m */; };
		EAFE809A1CF29E1F0046CC7E /* AppDelegate.m in Sources */ = {isa = PBXBuildFile; fileRef = EAFE80991CF29E1F0046CC7E /* AppDelegate.m */; };
		EAFE809D1CF29E1F0046CC7E /* ViewController.m in Sources */ = {isa = PBXBuildFile; fileRef = EAFE809C1CF29E1F0046CC7E /* ViewController.m */; };
		EAFE80A01CF29E1F0046CC7E /* Main.storyboard in Resources */ = {isa = PBXBuildFile; fileRef = EAFE809E1CF29E1F0046CC7E /* Main.storyboard */; };
		EAFE80A21CF29E1F0046CC7E /* Assets.xcassets in Resources */ = {isa = PBXBuildFile; fileRef = EAFE80A11CF29E1F0046CC7E /* Assets.xcassets */; };
		EAFE80A51CF29E1F0046CC7E /* LaunchScreen.storyboard in Resources */ = {isa = PBXBuildFile; fileRef = EAFE80A31CF29E1F0046CC7E /* LaunchScreen.storyboard */; };
/* End PBXBuildFile section */

/* Begin PBXContainerItemProxy section */
		EAFE80AC1CF29E1F0046CC7E /* PBXContainerItemProxy */ = {
			isa = PBXContainerItemProxy;
			containerPortal = EAFE808A1CF29E1F0046CC7E /* Project object */;
			proxyType = 1;
			remoteGlobalIDString = EAFE80911CF29E1F0046CC7E;
			remoteInfo = "图片轮播器案例";
		};
		EAFE80B71CF29E200046CC7E /* PBXContainerItemProxy */ = {
			isa = PBXContainerItemProxy;
			containerPortal = EAFE808A1CF29E1F0046CC7E /* Project object */;
			proxyType = 1;
			remoteGlobalIDString = EAFE80911CF29E1F0046CC7E;
			remoteInfo = "图片轮播器案例";
		};
/* End PBXContainerItemProxy section */

/* Begin PBXFileReference section */
		EA36103D1D5DF2A700E54CEC /* VXXButton.h */ = {isa = PBXFileReference; fileEncoding = 4; lastKnownFileType = sourcecode.c.h; path = VXXButton.h; sourceTree = "<group>"; };
		EA36103E1D5DF2A700E54CEC /* VXXButton.m */ = {isa = PBXFileReference; fileEncoding = 4; lastKnownFileType = sourcecode.c.objc; path = VXXButton.m; sourceTree = "<group>"; };
		EAA693F81D18E9A6009D1B35 /* VXXCollectionView.h */ = {isa = PBXFileReference; fileEncoding = 4; lastKnownFileType = sourcecode.c.h; path = VXXCollectionView.h; sourceTree = "<group>"; };
		EAA693F91D18E9A6009D1B35 /* VXXCollectionView.m */ = {isa = PBXFileReference; fileEncoding = 4; lastKnownFileType = sourcecode.c.objc; path = VXXCollectionView.m; sourceTree = "<group>"; };
		EAA693FA1D18E9A6009D1B35 /* VXXCollectionViewCell.h */ = {isa = PBXFileReference; fileEncoding = 4; lastKnownFileType = sourcecode.c.h; path = VXXCollectionViewCell.h; sourceTree = "<group>"; };
		EAA693FB1D18E9A6009D1B35 /* VXXCollectionViewCell.m */ = {isa = PBXFileReference; fileEncoding = 4; lastKnownFileType = sourcecode.c.objc; path = VXXCollectionViewCell.m; sourceTree = "<group>"; };
		EAA693FC1D18E9A6009D1B35 /* VXXCollectionViewLayout.h */ = {isa = PBXFileReference; fileEncoding = 4; lastKnownFileType = sourcecode.c.h; path = VXXCollectionViewLayout.h; sourceTree = "<group>"; };
		EAA693FD1D18E9A6009D1B35 /* VXXCollectionViewLayout.m */ = {isa = PBXFileReference; fileEncoding = 4; lastKnownFileType = sourcecode.c.objc; path = VXXCollectionViewLayout.m; sourceTree = "<group>"; };
		EAA693FE1D18E9A6009D1B35 /* VXXcycleScrollView.h */ = {isa = PBXFileReference; fileEncoding = 4; lastKnownFileType = sourcecode.c.h; path = VXXcycleScrollView.h; sourceTree = "<group>"; };
		EAA693FF1D18E9A6009D1B35 /* VXXcycleScrollView.m */ = {isa = PBXFileReference; fileEncoding = 4; lastKnownFileType = sourcecode.c.objc; path = VXXcycleScrollView.m; sourceTree = "<group>"; };
		EACC31B51D425AB30067B755 /* MASCompositeConstraint.h */ = {isa = PBXFileReference; fileEncoding = 4; lastKnownFileType = sourcecode.c.h; path = MASCompositeConstraint.h; sourceTree = "<group>"; };
		EACC31B61D425AB30067B755 /* MASCompositeConstraint.m */ = {isa = PBXFileReference; fileEncoding = 4; lastKnownFileType = sourcecode.c.objc; path = MASCompositeConstraint.m; sourceTree = "<group>"; };
		EACC31B71D425AB30067B755 /* MASConstraint+Private.h */ = {isa = PBXFileReference; fileEncoding = 4; lastKnownFileType = sourcecode.c.h; path = "MASConstraint+Private.h"; sourceTree = "<group>"; };
		EACC31B81D425AB30067B755 /* MASConstraint.h */ = {isa = PBXFileReference; fileEncoding = 4; lastKnownFileType = sourcecode.c.h; path = MASConstraint.h; sourceTree = "<group>"; };
		EACC31B91D425AB30067B755 /* MASConstraint.m */ = {isa = PBXFileReference; fileEncoding = 4; lastKnownFileType = sourcecode.c.objc; path = MASConstraint.m; sourceTree = "<group>"; };
		EACC31BA1D425AB30067B755 /* MASConstraintMaker.h */ = {isa = PBXFileReference; fileEncoding = 4; lastKnownFileType = sourcecode.c.h; path = MASConstraintMaker.h; sourceTree = "<group>"; };
		EACC31BB1D425AB30067B755 /* MASConstraintMaker.m */ = {isa = PBXFileReference; fileEncoding = 4; lastKnownFileType = sourcecode.c.objc; path = MASConstraintMaker.m; sourceTree = "<group>"; };
		EACC31BC1D425AB30067B755 /* MASLayoutConstraint.h */ = {isa = PBXFileReference; fileEncoding = 4; lastKnownFileType = sourcecode.c.h; path = MASLayoutConstraint.h; sourceTree = "<group>"; };
		EACC31BD1D425AB30067B755 /* MASLayoutConstraint.m */ = {isa = PBXFileReference; fileEncoding = 4; lastKnownFileType = sourcecode.c.objc; path = MASLayoutConstraint.m; sourceTree = "<group>"; };
		EACC31BE1D425AB30067B755 /* Masonry.h */ = {isa = PBXFileReference; fileEncoding = 4; lastKnownFileType = sourcecode.c.h; path = Masonry.h; sourceTree = "<group>"; };
		EACC31BF1D425AB30067B755 /* MASUtilities.h */ = {isa = PBXFileReference; fileEncoding = 4; lastKnownFileType = sourcecode.c.h; path = MASUtilities.h; sourceTree = "<group>"; };
		EACC31C01D425AB30067B755 /* MASViewAttribute.h */ = {isa = PBXFileReference; fileEncoding = 4; lastKnownFileType = sourcecode.c.h; path = MASViewAttribute.h; sourceTree = "<group>"; };
		EACC31C11D425AB30067B755 /* MASViewAttribute.m */ = {isa = PBXFileReference; fileEncoding = 4; lastKnownFileType = sourcecode.c.objc; path = MASViewAttribute.m; sourceTree = "<group>"; };
		EACC31C21D425AB30067B755 /* MASViewConstraint.h */ = {isa = PBXFileReference; fileEncoding = 4; lastKnownFileType = sourcecode.c.h; path = MASViewConstraint.h; sourceTree = "<group>"; };
		EACC31C31D425AB30067B755 /* MASViewConstraint.m */ = {isa = PBXFileReference; fileEncoding = 4; lastKnownFileType = sourcecode.c.objc; path = MASViewConstraint.m; sourceTree = "<group>"; };
		EACC31C41D425AB30067B755 /* NSArray+MASAdditions.h */ = {isa = PBXFileReference; fileEncoding = 4; lastKnownFileType = sourcecode.c.h; path = "NSArray+MASAdditions.h"; sourceTree = "<group>"; };
		EACC31C51D425AB30067B755 /* NSArray+MASAdditions.m */ = {isa = PBXFileReference; fileEncoding = 4; lastKnownFileType = sourcecode.c.objc; path = "NSArray+MASAdditions.m"; sourceTree = "<group>"; };
		EACC31C61D425AB30067B755 /* NSArray+MASShorthandAdditions.h */ = {isa = PBXFileReference; fileEncoding = 4; lastKnownFileType = sourcecode.c.h; path = "NSArray+MASShorthandAdditions.h"; sourceTree = "<group>"; };
		EACC31C71D425AB30067B755 /* NSLayoutConstraint+MASDebugAdditions.h */ = {isa = PBXFileReference; fileEncoding = 4; lastKnownFileType = sourcecode.c.h; path = "NSLayoutConstraint+MASDebugAdditions.h"; sourceTree = "<group>"; };
		EACC31C81D425AB30067B755 /* NSLayoutConstraint+MASDebugAdditions.m */ = {isa = PBXFileReference; fileEncoding = 4; lastKnownFileType = sourcecode.c.objc; path = "NSLayoutConstraint+MASDebugAdditions.m"; sourceTree = "<group>"; };
		EACC31C91D425AB30067B755 /* View+MASAdditions.h */ = {isa = PBXFileReference; fileEncoding = 4; lastKnownFileType = sourcecode.c.h; path = "View+MASAdditions.h"; sourceTree = "<group>"; };
		EACC31CA1D425AB30067B755 /* View+MASAdditions.m */ = {isa = PBXFileReference; fileEncoding = 4; lastKnownFileType = sourcecode.c.objc; path = "View+MASAdditions.m"; sourceTree = "<group>"; };
		EACC31CB1D425AB30067B755 /* View+MASShorthandAdditions.h */ = {isa = PBXFileReference; fileEncoding = 4; lastKnownFileType = sourcecode.c.h; path = "View+MASShorthandAdditions.h"; sourceTree = "<group>"; };
		EACC31CD1D425AB30067B755 /* MKAnnotationView+WebCache.h */ = {isa = PBXFileReference; fileEncoding = 4; lastKnownFileType = sourcecode.c.h; path = "MKAnnotationView+WebCache.h"; sourceTree = "<group>"; };
		EACC31CE1D425AB30067B755 /* MKAnnotationView+WebCache.m */ = {isa = PBXFileReference; fileEncoding = 4; lastKnownFileType = sourcecode.c.objc; path = "MKAnnotationView+WebCache.m"; sourceTree = "<group>"; };
		EACC31CF1D425AB30067B755 /* NSData+ImageContentType.h */ = {isa = PBXFileReference; fileEncoding = 4; lastKnownFileType = sourcecode.c.h; path = "NSData+ImageContentType.h"; sourceTree = "<group>"; };
		EACC31D01D425AB30067B755 /* NSData+ImageContentType.m */ = {isa = PBXFileReference; fileEncoding = 4; lastKnownFileType = sourcecode.c.objc; path = "NSData+ImageContentType.m"; sourceTree = "<group>"; };
		EACC31D11D425AB30067B755 /* SDImageCache.h */ = {isa = PBXFileReference; fileEncoding = 4; lastKnownFileType = sourcecode.c.h; path = SDImageCache.h; sourceTree = "<group>"; };
		EACC31D21D425AB30067B755 /* SDImageCache.m */ = {isa = PBXFileReference; fileEncoding = 4; lastKnownFileType = sourcecode.c.objc; path = SDImageCache.m; sourceTree = "<group>"; };
		EACC31D31D425AB30067B755 /* SDWebImageCompat.h */ = {isa = PBXFileReference; fileEncoding = 4; lastKnownFileType = sourcecode.c.h; path = SDWebImageCompat.h; sourceTree = "<group>"; };
		EACC31D41D425AB30067B755 /* SDWebImageCompat.m */ = {isa = PBXFileReference; fileEncoding = 4; lastKnownFileType = sourcecode.c.objc; path = SDWebImageCompat.m; sourceTree = "<group>"; };
		EACC31D51D425AB30067B755 /* SDWebImageDecoder.h */ = {isa = PBXFileReference; fileEncoding = 4; lastKnownFileType = sourcecode.c.h; path = SDWebImageDecoder.h; sourceTree = "<group>"; };
		EACC31D61D425AB30067B755 /* SDWebImageDecoder.m */ = {isa = PBXFileReference; fileEncoding = 4; lastKnownFileType = sourcecode.c.objc; path = SDWebImageDecoder.m; sourceTree = "<group>"; };
		EACC31D71D425AB30067B755 /* SDWebImageDownloader.h */ = {isa = PBXFileReference; fileEncoding = 4; lastKnownFileType = sourcecode.c.h; path = SDWebImageDownloader.h; sourceTree = "<group>"; };
		EACC31D81D425AB30067B755 /* SDWebImageDownloader.m */ = {isa = PBXFileReference; fileEncoding = 4; lastKnownFileType = sourcecode.c.objc; path = SDWebImageDownloader.m; sourceTree = "<group>"; };
		EACC31D91D425AB30067B755 /* SDWebImageDownloaderOperation.h */ = {isa = PBXFileReference; fileEncoding = 4; lastKnownFileType = sourcecode.c.h; path = SDWebImageDownloaderOperation.h; sourceTree = "<group>"; };
		EACC31DA1D425AB30067B755 /* SDWebImageDownloaderOperation.m */ = {isa = PBXFileReference; fileEncoding = 4; lastKnownFileType = sourcecode.c.objc; path = SDWebImageDownloaderOperation.m; sourceTree = "<group>"; };
		EACC31DB1D425AB30067B755 /* SDWebImageManager.h */ = {isa = PBXFileReference; fileEncoding = 4; lastKnownFileType = sourcecode.c.h; path = SDWebImageManager.h; sourceTree = "<group>"; };
		EACC31DC1D425AB30067B755 /* SDWebImageManager.m */ = {isa = PBXFileReference; fileEncoding = 4; lastKnownFileType = sourcecode.c.objc; path = SDWebImageManager.m; sourceTree = "<group>"; };
		EACC31DD1D425AB30067B755 /* SDWebImageOperation.h */ = {isa = PBXFileReference; fileEncoding = 4; lastKnownFileType = sourcecode.c.h; path = SDWebImageOperation.h; sourceTree = "<group>"; };
		EACC31DE1D425AB30067B755 /* SDWebImagePrefetcher.h */ = {isa = PBXFileReference; fileEncoding = 4; lastKnownFileType = sourcecode.c.h; path = SDWebImagePrefetcher.h; sourceTree = "<group>"; };
		EACC31DF1D425AB30067B755 /* SDWebImagePrefetcher.m */ = {isa = PBXFileReference; fileEncoding = 4; lastKnownFileType = sourcecode.c.objc; path = SDWebImagePrefetcher.m; sourceTree = "<group>"; };
		EACC31E01D425AB30067B755 /* UIButton+WebCache.h */ = {isa = PBXFileReference; fileEncoding = 4; lastKnownFileType = sourcecode.c.h; path = "UIButton+WebCache.h"; sourceTree = "<group>"; };
		EACC31E11D425AB30067B755 /* UIButton+WebCache.m */ = {isa = PBXFileReference; fileEncoding = 4; lastKnownFileType = sourcecode.c.objc; path = "UIButton+WebCache.m"; sourceTree = "<group>"; };
		EACC31E21D425AB30067B755 /* UIImage+GIF.h */ = {isa = PBXFileReference; fileEncoding = 4; lastKnownFileType = sourcecode.c.h; path = "UIImage+GIF.h"; sourceTree = "<group>"; };
		EACC31E31D425AB30067B755 /* UIImage+GIF.m */ = {isa = PBXFileReference; fileEncoding = 4; lastKnownFileType = sourcecode.c.objc; path = "UIImage+GIF.m"; sourceTree = "<group>"; };
		EACC31E41D425AB30067B755 /* UIImage+MultiFormat.h */ = {isa = PBXFileReference; fileEncoding = 4; lastKnownFileType = sourcecode.c.h; path = "UIImage+MultiFormat.h"; sourceTree = "<group>"; };
		EACC31E51D425AB30067B755 /* UIImage+MultiFormat.m */ = {isa = PBXFileReference; fileEncoding = 4; lastKnownFileType = sourcecode.c.objc; path = "UIImage+MultiFormat.m"; sourceTree = "<group>"; };
		EACC31E61D425AB30067B755 /* UIImage+WebP.h */ = {isa = PBXFileReference; fileEncoding = 4; lastKnownFileType = sourcecode.c.h; path = "UIImage+WebP.h"; sourceTree = "<group>"; };
		EACC31E71D425AB30067B755 /* UIImage+WebP.m */ = {isa = PBXFileReference; fileEncoding = 4; lastKnownFileType = sourcecode.c.objc; path = "UIImage+WebP.m"; sourceTree = "<group>"; };
		EACC31E81D425AB30067B755 /* UIImageView+HighlightedWebCache.h */ = {isa = PBXFileReference; fileEncoding = 4; lastKnownFileType = sourcecode.c.h; path = "UIImageView+HighlightedWebCache.h"; sourceTree = "<group>"; };
		EACC31E91D425AB30067B755 /* UIImageView+HighlightedWebCache.m */ = {isa = PBXFileReference; fileEncoding = 4; lastKnownFileType = sourcecode.c.objc; path = "UIImageView+HighlightedWebCache.m"; sourceTree = "<group>"; };
		EACC31EA1D425AB30067B755 /* UIImageView+WebCache.h */ = {isa = PBXFileReference; fileEncoding = 4; lastKnownFileType = sourcecode.c.h; path = "UIImageView+WebCache.h"; sourceTree = "<group>"; };
		EACC31EB1D425AB30067B755 /* UIImageView+WebCache.m */ = {isa = PBXFileReference; fileEncoding = 4; lastKnownFileType = sourcecode.c.objc; path = "UIImageView+WebCache.m"; sourceTree = "<group>"; };
		EACC31EC1D425AB30067B755 /* UIView+WebCacheOperation.h */ = {isa = PBXFileReference; fileEncoding = 4; lastKnownFileType = sourcecode.c.h; path = "UIView+WebCacheOperation.h"; sourceTree = "<group>"; };
		EACC31ED1D425AB30067B755 /* UIView+WebCacheOperation.m */ = {isa = PBXFileReference; fileEncoding = 4; lastKnownFileType = sourcecode.c.objc; path = "UIView+WebCacheOperation.m"; sourceTree = "<group>"; };
		EAFE80921CF29E1F0046CC7E /* 图片轮播器案例.app */ = {isa = PBXFileReference; explicitFileType = wrapper.application; includeInIndex = 0; path = "图片轮播器案例.app"; sourceTree = BUILT_PRODUCTS_DIR; };
		EAFE80961CF29E1F0046CC7E /* main.m */ = {isa = PBXFileReference; lastKnownFileType = sourcecode.c.objc; path = main.m; sourceTree = "<group>"; };
		EAFE80981CF29E1F0046CC7E /* AppDelegate.h */ = {isa = PBXFileReference; lastKnownFileType = sourcecode.c.h; path = AppDelegate.h; sourceTree = "<group>"; };
		EAFE80991CF29E1F0046CC7E /* AppDelegate.m */ = {isa = PBXFileReference; lastKnownFileType = sourcecode.c.objc; path = AppDelegate.m; sourceTree = "<group>"; };
		EAFE809B1CF29E1F0046CC7E /* ViewController.h */ = {isa = PBXFileReference; lastKnownFileType = sourcecode.c.h; path = ViewController.h; sourceTree = "<group>"; };
		EAFE809C1CF29E1F0046CC7E /* ViewController.m */ = {isa = PBXFileReference; lastKnownFileType = sourcecode.c.objc; path = ViewController.m; sourceTree = "<group>"; };
		EAFE809F1CF29E1F0046CC7E /* Base */ = {isa = PBXFileReference; lastKnownFileType = file.storyboard; name = Base; path = Base.lproj/Main.storyboard; sourceTree = "<group>"; };
		EAFE80A11CF29E1F0046CC7E /* Assets.xcassets */ = {isa = PBXFileReference; lastKnownFileType = folder.assetcatalog; path = Assets.xcassets; sourceTree = "<group>"; };
		EAFE80A41CF29E1F0046CC7E /* Base */ = {isa = PBXFileReference; lastKnownFileType = file.storyboard; name = Base; path = Base.lproj/LaunchScreen.storyboard; sourceTree = "<group>"; };
		EAFE80A61CF29E1F0046CC7E /* Info.plist */ = {isa = PBXFileReference; lastKnownFileType = text.plist.xml; path = Info.plist; sourceTree = "<group>"; };
		EAFE80AB1CF29E1F0046CC7E /* 图片轮播器案例Tests.xctest */ = {isa = PBXFileReference; explicitFileType = wrapper.cfbundle; includeInIndex = 0; path = "图片轮播器案例Tests.xctest"; sourceTree = BUILT_PRODUCTS_DIR; };
		EAFE80B61CF29E200046CC7E /* 图片轮播器案例UITests.xctest */ = {isa = PBXFileReference; explicitFileType = wrapper.cfbundle; includeInIndex = 0; path = "图片轮播器案例UITests.xctest"; sourceTree = BUILT_PRODUCTS_DIR; };
/* End PBXFileReference section */

/* Begin PBXFrameworksBuildPhase section */
		EAFE808F1CF29E1F0046CC7E /* Frameworks */ = {
			isa = PBXFrameworksBuildPhase;
			buildActionMask = 2147483647;
			files = (
			);
			runOnlyForDeploymentPostprocessing = 0;
		};
		EAFE80A81CF29E1F0046CC7E /* Frameworks */ = {
			isa = PBXFrameworksBuildPhase;
			buildActionMask = 2147483647;
			files = (
			);
			runOnlyForDeploymentPostprocessing = 0;
		};
		EAFE80B31CF29E200046CC7E /* Frameworks */ = {
			isa = PBXFrameworksBuildPhase;
			buildActionMask = 2147483647;
			files = (
			);
			runOnlyForDeploymentPostprocessing = 0;
		};
/* End PBXFrameworksBuildPhase section */

/* Begin PBXGroup section */
		EAA693F71D18E9A6009D1B35 /* VXXcycleScrollView */ = {
			isa = PBXGroup;
			children = (
				EACC31B31D425AB30067B755 /* frameWork */,
				EAA693F81D18E9A6009D1B35 /* VXXCollectionView.h */,
				EAA693F91D18E9A6009D1B35 /* VXXCollectionView.m */,
				EA36103D1D5DF2A700E54CEC /* VXXButton.h */,
				EA36103E1D5DF2A700E54CEC /* VXXButton.m */,
				EAA693FA1D18E9A6009D1B35 /* VXXCollectionViewCell.h */,
				EAA693FB1D18E9A6009D1B35 /* VXXCollectionViewCell.m */,
				EAA693FC1D18E9A6009D1B35 /* VXXCollectionViewLayout.h */,
				EAA693FD1D18E9A6009D1B35 /* VXXCollectionViewLayout.m */,
				EAA693FE1D18E9A6009D1B35 /* VXXcycleScrollView.h */,
				EAA693FF1D18E9A6009D1B35 /* VXXcycleScrollView.m */,
			);
			path = VXXcycleScrollView;
			sourceTree = "<group>";
		};
		EACC31B31D425AB30067B755 /* frameWork */ = {
			isa = PBXGroup;
			children = (
				EACC31B41D425AB30067B755 /* Masonry */,
				EACC31CC1D425AB30067B755 /* SDWebImage */,
			);
			path = frameWork;
			sourceTree = "<group>";
		};
		EACC31B41D425AB30067B755 /* Masonry */ = {
			isa = PBXGroup;
			children = (
				EACC31B51D425AB30067B755 /* MASCompositeConstraint.h */,
				EACC31B61D425AB30067B755 /* MASCompositeConstraint.m */,
				EACC31B71D425AB30067B755 /* MASConstraint+Private.h */,
				EACC31B81D425AB30067B755 /* MASConstraint.h */,
				EACC31B91D425AB30067B755 /* MASConstraint.m */,
				EACC31BA1D425AB30067B755 /* MASConstraintMaker.h */,
				EACC31BB1D425AB30067B755 /* MASConstraintMaker.m */,
				EACC31BC1D425AB30067B755 /* MASLayoutConstraint.h */,
				EACC31BD1D425AB30067B755 /* MASLayoutConstraint.m */,
				EACC31BE1D425AB30067B755 /* Masonry.h */,
				EACC31BF1D425AB30067B755 /* MASUtilities.h */,
				EACC31C01D425AB30067B755 /* MASViewAttribute.h */,
				EACC31C11D425AB30067B755 /* MASViewAttribute.m */,
				EACC31C21D425AB30067B755 /* MASViewConstraint.h */,
				EACC31C31D425AB30067B755 /* MASViewConstraint.m */,
				EACC31C41D425AB30067B755 /* NSArray+MASAdditions.h */,
				EACC31C51D425AB30067B755 /* NSArray+MASAdditions.m */,
				EACC31C61D425AB30067B755 /* NSArray+MASShorthandAdditions.h */,
				EACC31C71D425AB30067B755 /* NSLayoutConstraint+MASDebugAdditions.h */,
				EACC31C81D425AB30067B755 /* NSLayoutConstraint+MASDebugAdditions.m */,
				EACC31C91D425AB30067B755 /* View+MASAdditions.h */,
				EACC31CA1D425AB30067B755 /* View+MASAdditions.m */,
				EACC31CB1D425AB30067B755 /* View+MASShorthandAdditions.h */,
			);
			path = Masonry;
			sourceTree = "<group>";
		};
		EACC31CC1D425AB30067B755 /* SDWebImage */ = {
			isa = PBXGroup;
			children = (
				EACC31CD1D425AB30067B755 /* MKAnnotationView+WebCache.h */,
				EACC31CE1D425AB30067B755 /* MKAnnotationView+WebCache.m */,
				EACC31CF1D425AB30067B755 /* NSData+ImageContentType.h */,
				EACC31D01D425AB30067B755 /* NSData+ImageContentType.m */,
				EACC31D11D425AB30067B755 /* SDImageCache.h */,
				EACC31D21D425AB30067B755 /* SDImageCache.m */,
				EACC31D31D425AB30067B755 /* SDWebImageCompat.h */,
				EACC31D41D425AB30067B755 /* SDWebImageCompat.m */,
				EACC31D51D425AB30067B755 /* SDWebImageDecoder.h */,
				EACC31D61D425AB30067B755 /* SDWebImageDecoder.m */,
				EACC31D71D425AB30067B755 /* SDWebImageDownloader.h */,
				EACC31D81D425AB30067B755 /* SDWebImageDownloader.m */,
				EACC31D91D425AB30067B755 /* SDWebImageDownloaderOperation.h */,
				EACC31DA1D425AB30067B755 /* SDWebImageDownloaderOperation.m */,
				EACC31DB1D425AB30067B755 /* SDWebImageManager.h */,
				EACC31DC1D425AB30067B755 /* SDWebImageManager.m */,
				EACC31DD1D425AB30067B755 /* SDWebImageOperation.h */,
				EACC31DE1D425AB30067B755 /* SDWebImagePrefetcher.h */,
				EACC31DF1D425AB30067B755 /* SDWebImagePrefetcher.m */,
				EACC31E01D425AB30067B755 /* UIButton+WebCache.h */,
				EACC31E11D425AB30067B755 /* UIButton+WebCache.m */,
				EACC31E21D425AB30067B755 /* UIImage+GIF.h */,
				EACC31E31D425AB30067B755 /* UIImage+GIF.m */,
				EACC31E41D425AB30067B755 /* UIImage+MultiFormat.h */,
				EACC31E51D425AB30067B755 /* UIImage+MultiFormat.m */,
				EACC31E61D425AB30067B755 /* UIImage+WebP.h */,
				EACC31E71D425AB30067B755 /* UIImage+WebP.m */,
				EACC31E81D425AB30067B755 /* UIImageView+HighlightedWebCache.h */,
				EACC31E91D425AB30067B755 /* UIImageView+HighlightedWebCache.m */,
				EACC31EA1D425AB30067B755 /* UIImageView+WebCache.h */,
				EACC31EB1D425AB30067B755 /* UIImageView+WebCache.m */,
				EACC31EC1D425AB30067B755 /* UIView+WebCacheOperation.h */,
				EACC31ED1D425AB30067B755 /* UIView+WebCacheOperation.m */,
			);
			path = SDWebImage;
			sourceTree = "<group>";
		};
		EAFE80891CF29E1F0046CC7E = {
			isa = PBXGroup;
			children = (
				EAFE80941CF29E1F0046CC7E /* 图片轮播器案例 */,
				EAFE80931CF29E1F0046CC7E /* Products */,
			);
			sourceTree = "<group>";
		};
		EAFE80931CF29E1F0046CC7E /* Products */ = {
			isa = PBXGroup;
			children = (
				EAFE80921CF29E1F0046CC7E /* 图片轮播器案例.app */,
				EAFE80AB1CF29E1F0046CC7E /* 图片轮播器案例Tests.xctest */,
				EAFE80B61CF29E200046CC7E /* 图片轮播器案例UITests.xctest */,
			);
			name = Products;
			sourceTree = "<group>";
		};
		EAFE80941CF29E1F0046CC7E /* 图片轮播器案例 */ = {
			isa = PBXGroup;
			children = (
				EAA693F71D18E9A6009D1B35 /* VXXcycleScrollView */,
				EAFE80981CF29E1F0046CC7E /* AppDelegate.h */,
				EAFE80991CF29E1F0046CC7E /* AppDelegate.m */,
				EAFE809B1CF29E1F0046CC7E /* ViewController.h */,
				EAFE809C1CF29E1F0046CC7E /* ViewController.m */,
				EAFE809E1CF29E1F0046CC7E /* Main.storyboard */,
				EAFE80A11CF29E1F0046CC7E /* Assets.xcassets */,
				EAFE80A31CF29E1F0046CC7E /* LaunchScreen.storyboard */,
				EAFE80A61CF29E1F0046CC7E /* Info.plist */,
				EAFE80951CF29E1F0046CC7E /* Supporting Files */,
			);
			path = "图片轮播器案例";
			sourceTree = "<group>";
		};
		EAFE80951CF29E1F0046CC7E /* Supporting Files */ = {
			isa = PBXGroup;
			children = (
				EAFE80961CF29E1F0046CC7E /* main.m */,
			);
			name = "Supporting Files";
			sourceTree = "<group>";
		};
/* End PBXGroup section */

/* Begin PBXNativeTarget section */
		EAFE80911CF29E1F0046CC7E /* 图片轮播器案例 */ = {
			isa = PBXNativeTarget;
			buildConfigurationList = EAFE80BF1CF29E200046CC7E /* Build configuration list for PBXNativeTarget "图片轮播器案例" */;
			buildPhases = (
				EAFE808E1CF29E1F0046CC7E /* Sources */,
				EAFE808F1CF29E1F0046CC7E /* Frameworks */,
				EAFE80901CF29E1F0046CC7E /* Resources */,
			);
			buildRules = (
			);
			dependencies = (
			);
			name = "图片轮播器案例";
			productName = "图片轮播器案例";
			productReference = EAFE80921CF29E1F0046CC7E /* 图片轮播器案例.app */;
			productType = "com.apple.product-type.application";
		};
		EAFE80AA1CF29E1F0046CC7E /* 图片轮播器案例Tests */ = {
			isa = PBXNativeTarget;
			buildConfigurationList = EAFE80C21CF29E200046CC7E /* Build configuration list for PBXNativeTarget "图片轮播器案例Tests" */;
			buildPhases = (
				EAFE80A71CF29E1F0046CC7E /* Sources */,
				EAFE80A81CF29E1F0046CC7E /* Frameworks */,
				EAFE80A91CF29E1F0046CC7E /* Resources */,
			);
			buildRules = (
			);
			dependencies = (
				EAFE80AD1CF29E1F0046CC7E /* PBXTargetDependency */,
			);
			name = "图片轮播器案例Tests";
			productName = "图片轮播器案例Tests";
			productReference = EAFE80AB1CF29E1F0046CC7E /* 图片轮播器案例Tests.xctest */;
			productType = "com.apple.product-type.bundle.unit-test";
		};
		EAFE80B51CF29E200046CC7E /* 图片轮播器案例UITests */ = {
			isa = PBXNativeTarget;
			buildConfigurationList = EAFE80C51CF29E200046CC7E /* Build configuration list for PBXNativeTarget "图片轮播器案例UITests" */;
			buildPhases = (
				EAFE80B21CF29E200046CC7E /* Sources */,
				EAFE80B31CF29E200046CC7E /* Frameworks */,
				EAFE80B41CF29E200046CC7E /* Resources */,
			);
			buildRules = (
			);
			dependencies = (
				EAFE80B81CF29E200046CC7E /* PBXTargetDependency */,
			);
			name = "图片轮播器案例UITests";
			productName = "图片轮播器案例UITests";
			productReference = EAFE80B61CF29E200046CC7E /* 图片轮播器案例UITests.xctest */;
			productType = "com.apple.product-type.bundle.ui-testing";
		};
/* End PBXNativeTarget section */

/* Begin PBXProject section */
		EAFE808A1CF29E1F0046CC7E /* Project object */ = {
			isa = PBXProject;
			attributes = {
				LastUpgradeCheck = 0730;
				ORGANIZATIONNAME = wangkun;
				TargetAttributes = {
					EAFE80911CF29E1F0046CC7E = {
						CreatedOnToolsVersion = 7.3.1;
						DevelopmentTeam = GCFW8EF2TE;
					};
					EAFE80AA1CF29E1F0046CC7E = {
						CreatedOnToolsVersion = 7.3.1;
						TestTargetID = EAFE80911CF29E1F0046CC7E;
					};
					EAFE80B51CF29E200046CC7E = {
						CreatedOnToolsVersion = 7.3.1;
						TestTargetID = EAFE80911CF29E1F0046CC7E;
					};
				};
			};
			buildConfigurationList = EAFE808D1CF29E1F0046CC7E /* Build configuration list for PBXProject "图片轮播器案例" */;
			compatibilityVersion = "Xcode 3.2";
			developmentRegion = English;
			hasScannedForEncodings = 0;
			knownRegions = (
				en,
				Base,
			);
			mainGroup = EAFE80891CF29E1F0046CC7E;
			productRefGroup = EAFE80931CF29E1F0046CC7E /* Products */;
			projectDirPath = "";
			projectRoot = "";
			targets = (
				EAFE80911CF29E1F0046CC7E /* 图片轮播器案例 */,
				EAFE80AA1CF29E1F0046CC7E /* 图片轮播器案例Tests */,
				EAFE80B51CF29E200046CC7E /* 图片轮播器案例UITests */,
			);
		};
/* End PBXProject section */

/* Begin PBXResourcesBuildPhase section */
		EAFE80901CF29E1F0046CC7E /* Resources */ = {
			isa = PBXResourcesBuildPhase;
			buildActionMask = 2147483647;
			files = (
				EAFE80A51CF29E1F0046CC7E /* LaunchScreen.storyboard in Resources */,
				EAFE80A21CF29E1F0046CC7E /* Assets.xcassets in Resources */,
				EAFE80A01CF29E1F0046CC7E /* Main.storyboard in Resources */,
			);
			runOnlyForDeploymentPostprocessing = 0;
		};
		EAFE80A91CF29E1F0046CC7E /* Resources */ = {
			isa = PBXResourcesBuildPhase;
			buildActionMask = 2147483647;
			files = (
			);
			runOnlyForDeploymentPostprocessing = 0;
		};
		EAFE80B41CF29E200046CC7E /* Resources */ = {
			isa = PBXResourcesBuildPhase;
			buildActionMask = 2147483647;
			files = (
			);
			runOnlyForDeploymentPostprocessing = 0;
		};
/* End PBXResourcesBuildPhase section */

/* Begin PBXSourcesBuildPhase section */
		EAFE808E1CF29E1F0046CC7E /* Sources */ = {
			isa = PBXSourcesBuildPhase;
			buildActionMask = 2147483647;
			files = (
				EACC32011D425AB30067B755 /* UIImage+GIF.m in Sources */,
				EACC31F41D425AB30067B755 /* NSArray+MASAdditions.m in Sources */,
				EACC31F31D425AB30067B755 /* MASViewConstraint.m in Sources */,
				EAA694011D18E9A6009D1B35 /* VXXCollectionViewCell.m in Sources */,
				EACC31F01D425AB30067B755 /* MASConstraintMaker.m in Sources */,
				EACC32031D425AB30067B755 /* UIImage+WebP.m in Sources */,
				EACC31F81D425AB30067B755 /* NSData+ImageContentType.m in Sources */,
				EACC31F61D425AB30067B755 /* View+MASAdditions.m in Sources */,
				EAA694001D18E9A6009D1B35 /* VXXCollectionView.m in Sources */,
				EACC31FB1D425AB30067B755 /* SDWebImageDecoder.m in Sources */,
				EACC31EF1D425AB30067B755 /* MASConstraint.m in Sources */,
				EACC32001D425AB30067B755 /* UIButton+WebCache.m in Sources */,
				EACC31FE1D425AB30067B755 /* SDWebImageManager.m in Sources */,
				EAA694021D18E9A6009D1B35 /* VXXCollectionViewLayout.m in Sources */,
				EACC32051D425AB30067B755 /* UIImageView+WebCache.m in Sources */,
				EACC31F21D425AB30067B755 /* MASViewAttribute.m in Sources */,
				EACC31F51D425AB30067B755 /* NSLayoutConstraint+MASDebugAdditions.m in Sources */,
				EAFE809D1CF29E1F0046CC7E /* ViewController.m in Sources */,
				EACC31EE1D425AB30067B755 /* MASCompositeConstraint.m in Sources */,
				EACC32041D425AB30067B755 /* UIImageView+HighlightedWebCache.m in Sources */,
				EACC31FC1D425AB30067B755 /* SDWebImageDownloader.m in Sources */,
				EACC31FF1D425AB30067B755 /* SDWebImagePrefetcher.m in Sources */,
				EACC31F11D425AB30067B755 /* MASLayoutConstraint.m in Sources */,
				EACC31F91D425AB30067B755 /* SDImageCache.m in Sources */,
				EACC31FD1D425AB30067B755 /* SDWebImageDownloaderOperation.m in Sources */,
				EAFE809A1CF29E1F0046CC7E /* AppDelegate.m in Sources */,
				EACC31F71D425AB30067B755 /* MKAnnotationView+WebCache.m in Sources */,
				EACC32021D425AB30067B755 /* UIImage+MultiFormat.m in Sources */,
				EACC32061D425AB30067B755 /* UIView+WebCacheOperation.m in Sources */,
				EACC31FA1D425AB30067B755 /* SDWebImageCompat.m in Sources */,
				EA36103F1D5DF2A700E54CEC /* VXXButton.m in Sources */,
				EAFE80971CF29E1F0046CC7E /* main.m in Sources */,
				EAA694031D18E9A6009D1B35 /* VXXcycleScrollView.m in Sources */,
			);
			runOnlyForDeploymentPostprocessing = 0;
		};
		EAFE80A71CF29E1F0046CC7E /* Sources */ = {
			isa = PBXSourcesBuildPhase;
			buildActionMask = 2147483647;
			files = (
			);
			runOnlyForDeploymentPostprocessing = 0;
		};
		EAFE80B21CF29E200046CC7E /* Sources */ = {
			isa = PBXSourcesBuildPhase;
			buildActionMask = 2147483647;
			files = (
			);
			runOnlyForDeploymentPostprocessing = 0;
		};
/* End PBXSourcesBuildPhase section */

/* Begin PBXTargetDependency section */
		EAFE80AD1CF29E1F0046CC7E /* PBXTargetDependency */ = {
			isa = PBXTargetDependency;
			target = EAFE80911CF29E1F0046CC7E /* 图片轮播器案例 */;
			targetProxy = EAFE80AC1CF29E1F0046CC7E /* PBXContainerItemProxy */;
		};
		EAFE80B81CF29E200046CC7E /* PBXTargetDependency */ = {
			isa = PBXTargetDependency;
			target = EAFE80911CF29E1F0046CC7E /* 图片轮播器案例 */;
			targetProxy = EAFE80B71CF29E200046CC7E /* PBXContainerItemProxy */;
		};
/* End PBXTargetDependency section */

/* Begin PBXVariantGroup section */
		EAFE809E1CF29E1F0046CC7E /* Main.storyboard */ = {
			isa = PBXVariantGroup;
			children = (
				EAFE809F1CF29E1F0046CC7E /* Base */,
			);
			name = Main.storyboard;
			sourceTree = "<group>";
		};
		EAFE80A31CF29E1F0046CC7E /* LaunchScreen.storyboard */ = {
			isa = PBXVariantGroup;
			children = (
				EAFE80A41CF29E1F0046CC7E /* Base */,
			);
			name = LaunchScreen.storyboard;
			sourceTree = "<group>";
		};
/* End PBXVariantGroup section */

/* Begin XCBuildConfiguration section */
		EAFE80BD1CF29E200046CC7E /* Debug */ = {
			isa = XCBuildConfiguration;
			buildSettings = {
				ALWAYS_SEARCH_USER_PATHS = NO;
				CLANG_ANALYZER_NONNULL = YES;
				CLANG_CXX_LANGUAGE_STANDARD = "gnu++0x";
				CLANG_CXX_LIBRARY = "libc++";
				CLANG_ENABLE_MODULES = YES;
				CLANG_ENABLE_OBJC_ARC = YES;
				CLANG_WARN_BOOL_CONVERSION = YES;
				CLANG_WARN_CONSTANT_CONVERSION = YES;
				CLANG_WARN_DIRECT_OBJC_ISA_USAGE = YES_ERROR;
				CLANG_WARN_EMPTY_BODY = YES;
				CLANG_WARN_ENUM_CONVERSION = YES;
				CLANG_WARN_INT_CONVERSION = YES;
				CLANG_WARN_OBJC_ROOT_CLASS = YES_ERROR;
				CLANG_WARN_UNREACHABLE_CODE = YES;
				CLANG_WARN__DUPLICATE_METHOD_MATCH = YES;
				"CODE_SIGN_IDENTITY[sdk=iphoneos*]" = "iPhone Developer";
				COPY_PHASE_STRIP = NO;
				DEBUG_INFORMATION_FORMAT = dwarf;
				ENABLE_STRICT_OBJC_MSGSEND = YES;
				ENABLE_TESTABILITY = YES;
				GCC_C_LANGUAGE_STANDARD = gnu99;
				GCC_DYNAMIC_NO_PIC = NO;
				GCC_NO_COMMON_BLOCKS = YES;
				GCC_OPTIMIZATION_LEVEL = 0;
				GCC_PREPROCESSOR_DEFINITIONS = (
					"DEBUG=1",
					"$(inherited)",
				);
				GCC_WARN_64_TO_32_BIT_CONVERSION = YES;
				GCC_WARN_ABOUT_RETURN_TYPE = YES_ERROR;
				GCC_WARN_UNDECLARED_SELECTOR = YES;
				GCC_WARN_UNINITIALIZED_AUTOS = YES_AGGRESSIVE;
				GCC_WARN_UNUSED_FUNCTION = YES;
				GCC_WARN_UNUSED_VARIABLE = YES;
				IPHONEOS_DEPLOYMENT_TARGET = 9.3;
				MTL_ENABLE_DEBUG_INFO = YES;
				ONLY_ACTIVE_ARCH = YES;
				SDKROOT = iphoneos;
				TARGETED_DEVICE_FAMILY = "1,2";
			};
			name = Debug;
		};
		EAFE80BE1CF29E200046CC7E /* Release */ = {
			isa = XCBuildConfiguration;
			buildSettings = {
				ALWAYS_SEARCH_USER_PATHS = NO;
				CLANG_ANALYZER_NONNULL = YES;
				CLANG_CXX_LANGUAGE_STANDARD = "gnu++0x";
				CLANG_CXX_LIBRARY = "libc++";
				CLANG_ENABLE_MODULES = YES;
				CLANG_ENABLE_OBJC_ARC = YES;
				CLANG_WARN_BOOL_CONVERSION = YES;
				CLANG_WARN_CONSTANT_CONVERSION = YES;
				CLANG_WARN_DIRECT_OBJC_ISA_USAGE = YES_ERROR;
				CLANG_WARN_EMPTY_BODY = YES;
				CLANG_WARN_ENUM_CONVERSION = YES;
				CLANG_WARN_INT_CONVERSION = YES;
				CLANG_WARN_OBJC_ROOT_CLASS = YES_ERROR;
				CLANG_WARN_UNREACHABLE_CODE = YES;
				CLANG_WARN__DUPLICATE_METHOD_MATCH = YES;
				"CODE_SIGN_IDENTITY[sdk=iphoneos*]" = "iPhone Developer";
				COPY_PHASE_STRIP = NO;
				DEBUG_INFORMATION_FORMAT = "dwarf-with-dsym";
				ENABLE_NS_ASSERTIONS = NO;
				ENABLE_STRICT_OBJC_MSGSEND = YES;
				GCC_C_LANGUAGE_STANDARD = gnu99;
				GCC_NO_COMMON_BLOCKS = YES;
				GCC_WARN_64_TO_32_BIT_CONVERSION = YES;
				GCC_WARN_ABOUT_RETURN_TYPE = YES_ERROR;
				GCC_WARN_UNDECLARED_SELECTOR = YES;
				GCC_WARN_UNINITIALIZED_AUTOS = YES_AGGRESSIVE;
				GCC_WARN_UNUSED_FUNCTION = YES;
				GCC_WARN_UNUSED_VARIABLE = YES;
				IPHONEOS_DEPLOYMENT_TARGET = 9.3;
				MTL_ENABLE_DEBUG_INFO = NO;
				SDKROOT = iphoneos;
				TARGETED_DEVICE_FAMILY = "1,2";
				VALIDATE_PRODUCT = YES;
			};
			name = Release;
		};
		EAFE80C01CF29E200046CC7E /* Debug */ = {
			isa = XCBuildConfiguration;
			buildSettings = {
				ASSETCATALOG_COMPILER_APPICON_NAME = AppIcon;
				CODE_SIGN_IDENTITY = "iPhone Developer";
				"CODE_SIGN_IDENTITY[sdk=iphoneos*]" = "iPhone Developer";
				INFOPLIST_FILE = "图片轮播器案例/Info.plist";
				LD_RUNPATH_SEARCH_PATHS = "$(inherited) @executable_path/Frameworks";
				PRODUCT_BUNDLE_IDENTIFIER = "com.wangkun.ios.-------";
				PRODUCT_NAME = "$(TARGET_NAME)";
				PROVISIONING_PROFILE = "";
			};
			name = Debug;
		};
		EAFE80C11CF29E200046CC7E /* Release */ = {
			isa = XCBuildConfiguration;
			buildSettings = {
				ASSETCATALOG_COMPILER_APPICON_NAME = AppIcon;
				CODE_SIGN_IDENTITY = "iPhone Developer";
				"CODE_SIGN_IDENTITY[sdk=iphoneos*]" = "iPhone Developer";
				INFOPLIST_FILE = "图片轮播器案例/Info.plist";
				LD_RUNPATH_SEARCH_PATHS = "$(inherited) @executable_path/Frameworks";
				PRODUCT_BUNDLE_IDENTIFIER = "com.wangkun.ios.-------";
				PRODUCT_NAME = "$(TARGET_NAME)";
				PROVISIONING_PROFILE = "";
			};
			name = Release;
		};
		EAFE80C31CF29E200046CC7E /* Debug */ = {
			isa = XCBuildConfiguration;
			buildSettings = {
				BUNDLE_LOADER = "$(TEST_HOST)";
				INFOPLIST_FILE = "图片轮播器案例Tests/Info.plist";
				LD_RUNPATH_SEARCH_PATHS = "$(inherited) @executable_path/Frameworks @loader_path/Frameworks";
				PRODUCT_BUNDLE_IDENTIFIER = "com.wangkun.ios.-------Tests";
				PRODUCT_NAME = "$(TARGET_NAME)";
				TEST_HOST = "$(BUILT_PRODUCTS_DIR)/图片轮播器案例.app/图片轮播器案例";
			};
			name = Debug;
		};
		EAFE80C41CF29E200046CC7E /* Release */ = {
			isa = XCBuildConfiguration;
			buildSettings = {
				BUNDLE_LOADER = "$(TEST_HOST)";
				INFOPLIST_FILE = "图片轮播器案例Tests/Info.plist";
				LD_RUNPATH_SEARCH_PATHS = "$(inherited) @executable_path/Frameworks @loader_path/Frameworks";
				PRODUCT_BUNDLE_IDENTIFIER = "com.wangkun.ios.-------Tests";
				PRODUCT_NAME = "$(TARGET_NAME)";
				TEST_HOST = "$(BUILT_PRODUCTS_DIR)/图片轮播器案例.app/图片轮播器案例";
			};
			name = Release;
		};
		EAFE80C61CF29E200046CC7E /* Debug */ = {
			isa = XCBuildConfiguration;
			buildSettings = {
				INFOPLIST_FILE = "图片轮播器案例UITests/Info.plist";
				LD_RUNPATH_SEARCH_PATHS = "$(inherited) @executable_path/Frameworks @loader_path/Frameworks";
				PRODUCT_BUNDLE_IDENTIFIER = "com.wangkun.ios.-------UITests";
				PRODUCT_NAME = "$(TARGET_NAME)";
				TEST_TARGET_NAME = "图片轮播器案例";
			};
			name = Debug;
		};
		EAFE80C71CF29E200046CC7E /* Release */ = {
			isa = XCBuildConfiguration;
			buildSettings = {
				INFOPLIST_FILE = "图片轮播器案例UITests/Info.plist";
				LD_RUNPATH_SEARCH_PATHS = "$(inherited) @executable_path/Frameworks @loader_path/Frameworks";
				PRODUCT_BUNDLE_IDENTIFIER = "com.wangkun.ios.-------UITests";
				PRODUCT_NAME = "$(TARGET_NAME)";
				TEST_TARGET_NAME = "图片轮播器案例";
			};
			name = Release;
		};
/* End XCBuildConfiguration section */

/* Begin XCConfigurationList section */
		EAFE808D1CF29E1F0046CC7E /* Build configuration list for PBXProject "图片轮播器案例" */ = {
			isa = XCConfigurationList;
			buildConfigurations = (
				EAFE80BD1CF29E200046CC7E /* Debug */,
				EAFE80BE1CF29E200046CC7E /* Release */,
			);
			defaultConfigurationIsVisible = 0;
			defaultConfigurationName = Release;
		};
		EAFE80BF1CF29E200046CC7E /* Build configuration list for PBXNativeTarget "图片轮播器案例" */ = {
			isa = XCConfigurationList;
			buildConfigurations = (
				EAFE80C01CF29E200046CC7E /* Debug */,
				EAFE80C11CF29E200046CC7E /* Release */,
			);
			defaultConfigurationIsVisible = 0;
			defaultConfigurationName = Release;
		};
		EAFE80C21CF29E200046CC7E /* Build configuration list for PBXNativeTarget "图片轮播器案例Tests" */ = {
			isa = XCConfigurationList;
			buildConfigurations = (
				EAFE80C31CF29E200046CC7E /* Debug */,
				EAFE80C41CF29E200046CC7E /* Release */,
			);
			defaultConfigurationIsVisible = 0;
			defaultConfigurationName = Release;
		};
		EAFE80C51CF29E200046CC7E /* Build configuration list for PBXNativeTarget "图片轮播器案例UITests" */ = {
			isa = XCConfigurationList;
			buildConfigurations = (
				EAFE80C61CF29E200046CC7E /* Debug */,
				EAFE80C71CF29E200046CC7E /* Release */,
			);
			defaultConfigurationIsVisible = 0;
			defaultConfigurationName = Release;
		};
/* End XCConfigurationList section */
	};
	rootObject = EAFE808A1CF29E1F0046CC7E /* Project object */;
}
